
Microsoft Visual Studio Solution File, Format Version 12.00
# Visual Studio Version 17
VisualStudioVersion = 17.5.33424.131
MinimumVisualStudioVersion = 10.0.40219.1
Project("{9A19103F-16F7-4668-BE54-9A1E7A4F7556}") = "RevitAddin.CommandLoader", "RevitAddin.CommandLoader\RevitAddin.CommandLoader.csproj", "{82070359-36DA-4441-A59D-9018B6A8B348}"
EndProject
Project("{9A19103F-16F7-4668-BE54-9A1E7A4F7556}") = "Build", "Build\Build.csproj", "{34853418-411C-4B27-82AF-DDE5309AEE10}"
EndProject
Project("{2150E333-8FDC-42A3-9474-1A3956D46DE8}") = "Solution", "Solution", "{E6AC2FD0-D488-44FE-9390-3CADFB37E99D}"
	ProjectSection(SolutionItems) = preProject
		CHANGELOG.md = CHANGELOG.md
		LICENSE = LICENSE
		README.md = README.md
	EndProjectSection
EndProject
Global
	GlobalSection(SolutionConfigurationPlatforms) = preSolution
		Debug 2021|Any CPU = Debug 2021|Any CPU
		Debug|Any CPU = Debug|Any CPU
		Release|Any CPU = Release|Any CPU
	EndGlobalSection
	GlobalSection(ProjectConfigurationPlatforms) = postSolution
		{82070359-36DA-4441-A59D-9018B6A8B348}.Debug 2021|Any CPU.ActiveCfg = Debug 2021|Any CPU
		{82070359-36DA-4441-A59D-9018B6A8B348}.Debug 2021|Any CPU.Build.0 = Debug 2021|Any CPU
		{82070359-36DA-4441-A59D-9018B6A8B348}.Debug|Any CPU.ActiveCfg = Debug|Any CPU
		{82070359-36DA-4441-A59D-9018B6A8B348}.Debug|Any CPU.Build.0 = Debug|Any CPU
		{82070359-36DA-4441-A59D-9018B6A8B348}.Release|Any CPU.ActiveCfg = Release|Any CPU
		{82070359-36DA-4441-A59D-9018B6A8B348}.Release|Any CPU.Build.0 = Release|Any CPU
		{34853418-411C-4B27-82AF-DDE5309AEE10}.Debug 2021|Any CPU.ActiveCfg = Debug|Any CPU
		{34853418-411C-4B27-82AF-DDE5309AEE10}.Debug 2021|Any CPU.Build.0 = Debug|Any CPU
		{34853418-411C-4B27-82AF-DDE5309AEE10}.Debug|Any CPU.ActiveCfg = Debug|Any CPU
		{34853418-411C-4B27-82AF-DDE5309AEE10}.Release|Any CPU.ActiveCfg = Release|Any CPU
	EndGlobalSection
	GlobalSection(SolutionProperties) = preSolution
		HideSolutionNode = FALSE
	EndGlobalSection
EndGlobal
